
Microsoft Visual Studio Solution File, Format Version 12.00
# Visual Studio 15
VisualStudioVersion = 15.0.28307.902
MinimumVisualStudioVersion = 10.0.40219.1
Project("{FAE04EC0-301F-11D3-BF4B-00C04F79EFBC}") = "Phase-1", "Phase-1\Phase-1.csproj", "{40F95684-971E-4964-90E1-BFFE4ECF6DBB}"
EndProject
Global
	GlobalSection(SolutionConfigurationPlatforms) = preSolution
		Debug|Any CPU = Debug|Any CPU
		Release|Any CPU = Release|Any CPU
	EndGlobalSection
	GlobalSection(ProjectConfigurationPlatforms) = postSolution
		{40F95684-971E-4964-90E1-BFFE4ECF6DBB}.Debug|Any CPU.ActiveCfg = Debug|Any CPU
		{40F95684-971E-4964-90E1-BFFE4ECF6DBB}.Debug|Any CPU.Build.0 = Debug|Any CPU
		{40F95684-971E-4964-90E1-BFFE4ECF6DBB}.Release|Any CPU.ActiveCfg = Release|Any CPU
		{40F95684-971E-4964-90E1-BFFE4ECF6DBB}.Release|Any CPU.Build.0 = Release|Any CPU
	EndGlobalSection
	GlobalSection(SolutionProperties) = preSolution
		HideSolutionNode = FALSE
	EndGlobalSection
	GlobalSection(ExtensibilityGlobals) = postSolution
		SolutionGuid = {9449750A-2B6B-4A26-B2C7-66328D2EF52C}
	EndGlobalSection
EndGlobal
